
Microsoft Visual Studio Solution File, Format Version 12.00
# Visual Studio 2012
Project("{E24C65DC-7377-472B-9ABA-BC803B73C61A}") = "aridemo", "..\aridemo", "{CECC093B-9388-4892-AC1A-55928DBB7099}"
	ProjectSection(WebsiteProperties) = preProject
		TargetFrameworkMoniker = ".NETFramework,Version%3Dv4.0"
		Debug.AspNetCompiler.VirtualPath = "/aridemo"
		Debug.AspNetCompiler.PhysicalPath = "..\..\..\..\iternitup\aritest\aridemo\"
		Debug.AspNetCompiler.TargetPath = "PrecompiledWeb\aridemo\"
		Debug.AspNetCompiler.Updateable = "true"
		Debug.AspNetCompiler.ForceOverwrite = "true"
		Debug.AspNetCompiler.FixedNames = "false"
		Debug.AspNetCompiler.Debug = "True"
		Release.AspNetCompiler.VirtualPath = "/aridemo"
		Release.AspNetCompiler.PhysicalPath = "..\..\..\..\iternitup\aritest\aridemo\"
		Release.AspNetCompiler.TargetPath = "PrecompiledWeb\aridemo\"
		Release.AspNetCompiler.Updateable = "true"
		Release.AspNetCompiler.ForceOverwrite = "true"
		Release.AspNetCompiler.FixedNames = "false"
		Release.AspNetCompiler.Debug = "False"
		VWDPort = "49660"
	EndProjectSection
EndProject
Global
	GlobalSection(SolutionConfigurationPlatforms) = preSolution
		Debug|Any CPU = Debug|Any CPU
	EndGlobalSection
	GlobalSection(ProjectConfigurationPlatforms) = postSolution
		{CECC093B-9388-4892-AC1A-55928DBB7099}.Debug|Any CPU.ActiveCfg = Debug|Any CPU
		{CECC093B-9388-4892-AC1A-55928DBB7099}.Debug|Any CPU.Build.0 = Debug|Any CPU
	EndGlobalSection
	GlobalSection(SolutionProperties) = preSolution
		HideSolutionNode = FALSE
	EndGlobalSection
EndGlobal
