
Microsoft Visual Studio Solution File, Format Version 12.00
# Visual Studio 2012
Project("{E24C65DC-7377-472B-9ABA-BC803B73C61A}") = "jasminetest-master", ".", "{040ECBA6-F3E0-43CD-8C39-B9B6A3AB2031}"
	ProjectSection(WebsiteProperties) = preProject
		TargetFrameworkMoniker = ".NETFramework,Version%3Dv4.0"
		Debug.AspNetCompiler.VirtualPath = "/jasminetest-master"
		Debug.AspNetCompiler.PhysicalPath = "..\..\..\..\iternitup\jasminetest-master\"
		Debug.AspNetCompiler.TargetPath = "PrecompiledWeb\jasminetest-master\"
		Debug.AspNetCompiler.Updateable = "true"
		Debug.AspNetCompiler.ForceOverwrite = "true"
		Debug.AspNetCompiler.FixedNames = "false"
		Debug.AspNetCompiler.Debug = "True"
		Release.AspNetCompiler.VirtualPath = "/jasminetest-master"
		Release.AspNetCompiler.PhysicalPath = "..\..\..\..\iternitup\jasminetest-master\"
		Release.AspNetCompiler.TargetPath = "PrecompiledWeb\jasminetest-master\"
		Release.AspNetCompiler.Updateable = "true"
		Release.AspNetCompiler.ForceOverwrite = "true"
		Release.AspNetCompiler.FixedNames = "false"
		Release.AspNetCompiler.Debug = "False"
		VWDPort = "49559"
	EndProjectSection
EndProject
Global
	GlobalSection(SolutionConfigurationPlatforms) = preSolution
		Debug|Any CPU = Debug|Any CPU
	EndGlobalSection
	GlobalSection(ProjectConfigurationPlatforms) = postSolution
		{040ECBA6-F3E0-43CD-8C39-B9B6A3AB2031}.Debug|Any CPU.ActiveCfg = Debug|Any CPU
		{040ECBA6-F3E0-43CD-8C39-B9B6A3AB2031}.Debug|Any CPU.Build.0 = Debug|Any CPU
	EndGlobalSection
	GlobalSection(SolutionProperties) = preSolution
		HideSolutionNode = FALSE
	EndGlobalSection
EndGlobal
